
Microsoft Visual Studio Solution File, Format Version 12.00
# Visual Studio Version 17
VisualStudioVersion = 17.13.35818.85 d17.13
MinimumVisualStudioVersion = 10.0.40219.1
Project("{FAE04EC0-301F-11D3-BF4B-00C04F79EFBC}") = "tpmodul5_103022300071", "tpmodul5_103022300071.csproj", "{83368603-4080-4430-82E1-F3E6417F0C28}"
EndProject
Global
	GlobalSection(SolutionConfigurationPlatforms) = preSolution
		Debug|Any CPU = Debug|Any CPU
		Release|Any CPU = Release|Any CPU
	EndGlobalSection
	GlobalSection(ProjectConfigurationPlatforms) = postSolution
		{83368603-4080-4430-82E1-F3E6417F0C28}.Debug|Any CPU.ActiveCfg = Debug|Any CPU
		{83368603-4080-4430-82E1-F3E6417F0C28}.Debug|Any CPU.Build.0 = Debug|Any CPU
		{83368603-4080-4430-82E1-F3E6417F0C28}.Release|Any CPU.ActiveCfg = Release|Any CPU
		{83368603-4080-4430-82E1-F3E6417F0C28}.Release|Any CPU.Build.0 = Release|Any CPU
	EndGlobalSection
	GlobalSection(SolutionProperties) = preSolution
		HideSolutionNode = FALSE
	EndGlobalSection
	GlobalSection(ExtensibilityGlobals) = postSolution
		SolutionGuid = {5D2FB860-BF40-404C-ABE7-5FE6A7605E1E}
	EndGlobalSection
EndGlobal
